// !$*UTF8*$!
{
	archiveVersion = 1;
	classes = {
	};
	objectVersion = 46;
	objects = {

/* Begin PBXBuildFile section */
		819CF48B1AA24857000CD172 /* main.m in Sources */ = {isa = PBXBuildFile; fileRef = 819CF48A1AA24857000CD172 /* main.m */; };
		819CF48E1AA24857000CD172 /* AppDelegate.m in Sources */ = {isa = PBXBuildFile; fileRef = 819CF48D1AA24857000CD172 /* AppDelegate.m */; };
		819CF4911AA24857000CD172 /* ViewController.m in Sources */ = {isa = PBXBuildFile; fileRef = 819CF4901AA24857000CD172 /* ViewController.m */; };
		819CF4941AA24857000CD172 /* Main.storyboard in Resources */ = {isa = PBXBuildFile; fileRef = 819CF4921AA24857000CD172 /* Main.storyboard */; };
		819CF4961AA24857000CD172 /* Images.xcassets in Resources */ = {isa = PBXBuildFile; fileRef = 819CF4951AA24857000CD172 /* Images.xcassets */; };
		819CF4991AA24857000CD172 /* LaunchScreen.xib in Resources */ = {isa = PBXBuildFile; fileRef = 819CF4971AA24857000CD172 /* LaunchScreen.xib */; };
		819CF4A51AA24857000CD172 /* TeachersTests.m in Sources */ = {isa = PBXBuildFile; fileRef = 819CF4A41AA24857000CD172 /* TeachersTests.m */; };
/* End PBXBuildFile section */

/* Begin PBXContainerItemProxy section */
		819CF49F1AA24857000CD172 /* PBXContainerItemProxy */ = {
			isa = PBXContainerItemProxy;
			containerPortal = 819CF47D1AA24857000CD172 /* Project object */;
			proxyType = 1;
			remoteGlobalIDString = 819CF4841AA24857000CD172;
			remoteInfo = Teachers;
		};
/* End PBXContainerItemProxy section */

/* Begin PBXFileReference section */
		819CF4851AA24857000CD172 /* Teachers.app */ = {isa = PBXFileReference; explicitFileType = wrapper.application; includeInIndex = 0; path = Teachers.app; sourceTree = BUILT_PRODUCTS_DIR; };
		819CF4891AA24857000CD172 /* Info.plist */ = {isa = PBXFileReference; lastKnownFileType = text.plist.xml; path = Info.plist; sourceTree = "<group>"; };
		819CF48A1AA24857000CD172 /* main.m */ = {isa = PBXFileReference; lastKnownFileType = sourcecode.c.objc; path = main.m; sourceTree = "<group>"; };
		819CF48C1AA24857000CD172 /* AppDelegate.h */ = {isa = PBXFileReference; lastKnownFileType = sourcecode.c.h; path = AppDelegate.h; sourceTree = "<group>"; };
		819CF48D1AA24857000CD172 /* AppDelegate.m */ = {isa = PBXFileReference; lastKnownFileType = sourcecode.c.objc; path = AppDelegate.m; sourceTree = "<group>"; };
		819CF48F1AA24857000CD172 /* ViewController.h */ = {isa = PBXFileReference; lastKnownFileType = sourcecode.c.h; path = ViewController.h; sourceTree = "<group>"; };
		819CF4901AA24857000CD172 /* ViewController.m */ = {isa = PBXFileReference; lastKnownFileType = sourcecode.c.objc; path = ViewController.m; sourceTree = "<group>"; };
		819CF4931AA24857000CD172 /* Base */ = {isa = PBXFileReference; lastKnownFileType = file.storyboard; name = Base; path = Base.lproj/Main.storyboard; sourceTree = "<group>"; };
		819CF4951AA24857000CD172 /* Images.xcassets */ = {isa = PBXFileReference; lastKnownFileType = folder.assetcatalog; path = Images.xcassets; sourceTree = "<group>"; };
		819CF4981AA24857000CD172 /* Base */ = {isa = PBXFileReference; lastKnownFileType = file.xib; name = Base; path = Base.lproj/LaunchScreen.xib; sourceTree = "<group>"; };
		819CF49E1AA24857000CD172 /* TeachersTests.xctest */ = {isa = PBXFileReference; explicitFileType = wrapper.cfbundle; includeInIndex = 0; path = TeachersTests.xctest; sourceTree = BUILT_PRODUCTS_DIR; };
		819CF4A31AA24857000CD172 /* Info.plist */ = {isa = PBXFileReference; lastKnownFileType = text.plist.xml; path = Info.plist; sourceTree = "<group>"; };
		819CF4A41AA24857000CD172 /* TeachersTests.m */ = {isa = PBXFileReference; lastKnownFileType = sourcecode.c.objc; path = TeachersTests.m; sourceTree = "<group>"; };
/* End PBXFileReference section */

/* Begin PBXFrameworksBuildPhase section */
		819CF4821AA24857000CD172 /* Frameworks */ = {
			isa = PBXFrameworksBuildPhase;
			buildActionMask = 2147483647;
			files = (
			);
			runOnlyForDeploymentPostprocessing = 0;
		};
		819CF49B1AA24857000CD172 /* Frameworks */ = {
			isa = PBXFrameworksBuildPhase;
			buildActionMask = 2147483647;
			files = (
			);
			runOnlyForDeploymentPostprocessing = 0;
		};
/* End PBXFrameworksBuildPhase section */

/* Begin PBXGroup section */
		819CF47C1AA24857000CD172 = {
			isa = PBXGroup;
			children = (
				819CF4871AA24857000CD172 /* Teachers */,
				819CF4A11AA24857000CD172 /* TeachersTests */,
				819CF4861AA24857000CD172 /* Products */,
			);
			sourceTree = "<group>";
		};
		819CF4861AA24857000CD172 /* Products */ = {
			isa = PBXGroup;
			children = (
				819CF4851AA24857000CD172 /* Teachers.app */,
				819CF49E1AA24857000CD172 /* TeachersTests.xctest */,
			);
			name = Products;
			sourceTree = "<group>";
		};
		819CF4871AA24857000CD172 /* Teachers */ = {
			isa = PBXGroup;
			children = (
				819CF48C1AA24857000CD172 /* AppDelegate.h */,
				819CF48D1AA24857000CD172 /* AppDelegate.m */,
				819CF48F1AA24857000CD172 /* ViewController.h */,
				819CF4901AA24857000CD172 /* ViewController.m */,
				819CF4921AA24857000CD172 /* Main.storyboard */,
				819CF4951AA24857000CD172 /* Images.xcassets */,
				819CF4971AA24857000CD172 /* LaunchScreen.xib */,
				819CF4881AA24857000CD172 /* Supporting Files */,
			);
			path = Teachers;
			sourceTree = "<group>";
		};
		819CF4881AA24857000CD172 /* Supporting Files */ = {
			isa = PBXGroup;
			children = (
				819CF4891AA24857000CD172 /* Info.plist */,
				819CF48A1AA24857000CD172 /* main.m */,
			);
			name = "Supporting Files";
			sourceTree = "<group>";
		};
		819CF4A11AA24857000CD172 /* TeachersTests */ = {
			isa = PBXGroup;
			children = (
				819CF4A41AA24857000CD172 /* TeachersTests.m */,
				819CF4A21AA24857000CD172 /* Supporting Files */,
			);
			path = TeachersTests;
			sourceTree = "<group>";
		};
		819CF4A21AA24857000CD172 /* Supporting Files */ = {
			isa = PBXGroup;
			children = (
				819CF4A31AA24857000CD172 /* Info.plist */,
			);
			name = "Supporting Files";
			sourceTree = "<group>";
		};
/* End PBXGroup section */

/* Begin PBXNativeTarget section */
		819CF4841AA24857000CD172 /* Teachers */ = {
			isa = PBXNativeTarget;
			buildConfigurationList = 819CF4A81AA24857000CD172 /* Build configuration list for PBXNativeTarget "Teachers" */;
			buildPhases = (
				819CF4811AA24857000CD172 /* Sources */,
				819CF4821AA24857000CD172 /* Frameworks */,
				819CF4831AA24857000CD172 /* Resources */,
			);
			buildRules = (
			);
			dependencies = (
			);
			name = Teachers;
			productName = Teachers;
			productReference = 819CF4851AA24857000CD172 /* Teachers.app */;
			productType = "com.apple.product-type.application";
		};
		819CF49D1AA24857000CD172 /* TeachersTests */ = {
			isa = PBXNativeTarget;
			buildConfigurationList = 819CF4AB1AA24857000CD172 /* Build configuration list for PBXNativeTarget "TeachersTests" */;
			buildPhases = (
				819CF49A1AA24857000CD172 /* Sources */,
				819CF49B1AA24857000CD172 /* Frameworks */,
				819CF49C1AA24857000CD172 /* Resources */,
			);
			buildRules = (
			);
			dependencies = (
				819CF4A01AA24857000CD172 /* PBXTargetDependency */,
			);
			name = TeachersTests;
			productName = TeachersTests;
			productReference = 819CF49E1AA24857000CD172 /* TeachersTests.xctest */;
			productType = "com.apple.product-type.bundle.unit-test";
		};
/* End PBXNativeTarget section */

/* Begin PBXProject section */
		819CF47D1AA24857000CD172 /* Project object */ = {
			isa = PBXProject;
			attributes = {
				LastUpgradeCheck = 0610;
				ORGANIZATIONNAME = DevMac;
				TargetAttributes = {
					819CF4841AA24857000CD172 = {
						CreatedOnToolsVersion = 6.1.1;
					};
					819CF49D1AA24857000CD172 = {
						CreatedOnToolsVersion = 6.1.1;
						TestTargetID = 819CF4841AA24857000CD172;
					};
				};
			};
			buildConfigurationList = 819CF4801AA24857000CD172 /* Build configuration list for PBXProject "Teachers" */;
			compatibilityVersion = "Xcode 3.2";
			developmentRegion = English;
			hasScannedForEncodings = 0;
			knownRegions = (
				en,
				Base,
			);
			mainGroup = 819CF47C1AA24857000CD172;
			productRefGroup = 819CF4861AA24857000CD172 /* Products */;
			projectDirPath = "";
			projectRoot = "";
			targets = (
				819CF4841AA24857000CD172 /* Teachers */,
				819CF49D1AA24857000CD172 /* TeachersTests */,
			);
		};
/* End PBXProject section */

/* Begin PBXResourcesBuildPhase section */
		819CF4831AA24857000CD172 /* Resources */ = {
			isa = PBXResourcesBuildPhase;
			buildActionMask = 2147483647;
			files = (
				819CF4941AA24857000CD172 /* Main.storyboard in Resources */,
				819CF4991AA24857000CD172 /* LaunchScreen.xib in Resources */,
				819CF4961AA24857000CD172 /* Images.xcassets in Resources */,
			);
			runOnlyForDeploymentPostprocessing = 0;
		};
		819CF49C1AA24857000CD172 /* Resources */ = {
			isa = PBXResourcesBuildPhase;
			buildActionMask = 2147483647;
			files = (
			);
			runOnlyForDeploymentPostprocessing = 0;
		};
/* End PBXResourcesBuildPhase section */

/* Begin PBXSourcesBuildPhase section */
		819CF4811AA24857000CD172 /* Sources */ = {
			isa = PBXSourcesBuildPhase;
			buildActionMask = 2147483647;
			files = (
				819CF4911AA24857000CD172 /* ViewController.m in Sources */,
				819CF48E1AA24857000CD172 /* AppDelegate.m in Sources */,
				819CF48B1AA24857000CD172 /* main.m in Sources */,
			);
			runOnlyForDeploymentPostprocessing = 0;
		};
		819CF49A1AA24857000CD172 /* Sources */ = {
			isa = PBXSourcesBuildPhase;
			buildActionMask = 2147483647;
			files = (
				819CF4A51AA24857000CD172 /* TeachersTests.m in Sources */,
			);
			runOnlyForDeploymentPostprocessing = 0;
		};
/* End PBXSourcesBuildPhase section */

/* Begin PBXTargetDependency section */
		819CF4A01AA24857000CD172 /* PBXTargetDependency */ = {
			isa = PBXTargetDependency;
			target = 819CF4841AA24857000CD172 /* Teachers */;
			targetProxy = 819CF49F1AA24857000CD172 /* PBXContainerItemProxy */;
		};
/* End PBXTargetDependency section */

/* Begin PBXVariantGroup section */
		819CF4921AA24857000CD172 /* Main.storyboard */ = {
			isa = PBXVariantGroup;
			children = (
				819CF4931AA24857000CD172 /* Base */,
			);
			name = Main.storyboard;
			sourceTree = "<group>";
		};
		819CF4971AA24857000CD172 /* LaunchScreen.xib */ = {
			isa = PBXVariantGroup;
			children = (
				819CF4981AA24857000CD172 /* Base */,
			);
			name = LaunchScreen.xib;
			sourceTree = "<group>";
		};
/* End PBXVariantGroup section */

/* Begin XCBuildConfiguration section */
		819CF4A61AA24857000CD172 /* Debug */ = {
			isa = XCBuildConfiguration;
			buildSettings = {
				ALWAYS_SEARCH_USER_PATHS = NO;
				CLANG_CXX_LANGUAGE_STANDARD = "gnu++0x";
				CLANG_CXX_LIBRARY = "libc++";
				CLANG_ENABLE_MODULES = YES;
				CLANG_ENABLE_OBJC_ARC = YES;
				CLANG_WARN_BOOL_CONVERSION = YES;
				CLANG_WARN_CONSTANT_CONVERSION = YES;
				CLANG_WARN_DIRECT_OBJC_ISA_USAGE = YES_ERROR;
				CLANG_WARN_EMPTY_BODY = YES;
				CLANG_WARN_ENUM_CONVERSION = YES;
				CLANG_WARN_INT_CONVERSION = YES;
				CLANG_WARN_OBJC_ROOT_CLASS = YES_ERROR;
				CLANG_WARN_UNREACHABLE_CODE = YES;
				CLANG_WARN__DUPLICATE_METHOD_MATCH = YES;
				"CODE_SIGN_IDENTITY[sdk=iphoneos*]" = "iPhone Developer";
				COPY_PHASE_STRIP = NO;
				ENABLE_STRICT_OBJC_MSGSEND = YES;
				GCC_C_LANGUAGE_STANDARD = gnu99;
				GCC_DYNAMIC_NO_PIC = NO;
				GCC_OPTIMIZATION_LEVEL = 0;
				GCC_PREPROCESSOR_DEFINITIONS = (
					"DEBUG=1",
					"$(inherited)",
				);
				GCC_SYMBOLS_PRIVATE_EXTERN = NO;
				GCC_WARN_64_TO_32_BIT_CONVERSION = YES;
				GCC_WARN_ABOUT_RETURN_TYPE = YES_ERROR;
				GCC_WARN_UNDECLARED_SELECTOR = YES;
				GCC_WARN_UNINITIALIZED_AUTOS = YES_AGGRESSIVE;
				GCC_WARN_UNUSED_FUNCTION = YES;
				GCC_WARN_UNUSED_VARIABLE = YES;
				IPHONEOS_DEPLOYMENT_TARGET = 8.1;
				MTL_ENABLE_DEBUG_INFO = YES;
				ONLY_ACTIVE_ARCH = YES;
				SDKROOT = iphoneos;
			};
			name = Debug;
		};
		819CF4A71AA24857000CD172 /* Release */ = {
			isa = XCBuildConfiguration;
			buildSettings = {
				ALWAYS_SEARCH_USER_PATHS = NO;
				CLANG_CXX_LANGUAGE_STANDARD = "gnu++0x";
				CLANG_CXX_LIBRARY = "libc++";
				CLANG_ENABLE_MODULES = YES;
				CLANG_ENABLE_OBJC_ARC = YES;
				CLANG_WARN_BOOL_CONVERSION = YES;
				CLANG_WARN_CONSTANT_CONVERSION = YES;
				CLANG_WARN_DIRECT_OBJC_ISA_USAGE = YES_ERROR;
				CLANG_WARN_EMPTY_BODY = YES;
				CLANG_WARN_ENUM_CONVERSION = YES;
				CLANG_WARN_INT_CONVERSION = YES;
				CLANG_WARN_OBJC_ROOT_CLASS = YES_ERROR;
				CLANG_WARN_UNREACHABLE_CODE = YES;
				CLANG_WARN__DUPLICATE_METHOD_MATCH = YES;
				"CODE_SIGN_IDENTITY[sdk=iphoneos*]" = "iPhone Developer";
				COPY_PHASE_STRIP = YES;
				ENABLE_NS_ASSERTIONS = NO;
				ENABLE_STRICT_OBJC_MSGSEND = YES;
				GCC_C_LANGUAGE_STANDARD = gnu99;
				GCC_WARN_64_TO_32_BIT_CONVERSION = YES;
				GCC_WARN_ABOUT_RETURN_TYPE = YES_ERROR;
				GCC_WARN_UNDECLARED_SELECTOR = YES;
				GCC_WARN_UNINITIALIZED_AUTOS = YES_AGGRESSIVE;
				GCC_WARN_UNUSED_FUNCTION = YES;
				GCC_WARN_UNUSED_VARIABLE = YES;
				IPHONEOS_DEPLOYMENT_TARGET = 8.1;
				MTL_ENABLE_DEBUG_INFO = NO;
				SDKROOT = iphoneos;
				VALIDATE_PRODUCT = YES;
			};
			name = Release;
		};
		819CF4A91AA24857000CD172 /* Debug */ = {
			isa = XCBuildConfiguration;
			buildSettings = {
				ASSETCATALOG_COMPILER_APPICON_NAME = AppIcon;
				INFOPLIST_FILE = Teachers/Info.plist;
				LD_RUNPATH_SEARCH_PATHS = "$(inherited) @executable_path/Frameworks";
				PRODUCT_NAME = "$(TARGET_NAME)";
			};
			name = Debug;
		};
		819CF4AA1AA24857000CD172 /* Release */ = {
			isa = XCBuildConfiguration;
			buildSettings = {
				ASSETCATALOG_COMPILER_APPICON_NAME = AppIcon;
				INFOPLIST_FILE = Teachers/Info.plist;
				LD_RUNPATH_SEARCH_PATHS = "$(inherited) @executable_path/Frameworks";
				PRODUCT_NAME = "$(TARGET_NAME)";
			};
			name = Release;
		};
		819CF4AC1AA24857000CD172 /* Debug */ = {
			isa = XCBuildConfiguration;
			buildSettings = {
				BUNDLE_LOADER = "$(TEST_HOST)";
				FRAMEWORK_SEARCH_PATHS = (
					"$(SDKROOT)/Developer/Library/Frameworks",
					"$(inherited)",
				);
				GCC_PREPROCESSOR_DEFINITIONS = (
					"DEBUG=1",
					"$(inherited)",
				);
				INFOPLIST_FILE = TeachersTests/Info.plist;
				LD_RUNPATH_SEARCH_PATHS = "$(inherited) @executable_path/Frameworks @loader_path/Frameworks";
				PRODUCT_NAME = "$(TARGET_NAME)";
				TEST_HOST = "$(BUILT_PRODUCTS_DIR)/Teachers.app/Teachers";
			};
			name = Debug;
		};
		819CF4AD1AA24857000CD172 /* Release */ = {
			isa = XCBuildConfiguration;
			buildSettings = {
				BUNDLE_LOADER = "$(TEST_HOST)";
				FRAMEWORK_SEARCH_PATHS = (
					"$(SDKROOT)/Developer/Library/Frameworks",
					"$(inherited)",
				);
				INFOPLIST_FILE = TeachersTests/Info.plist;
				LD_RUNPATH_SEARCH_PATHS = "$(inherited) @executable_path/Frameworks @loader_path/Frameworks";
				PRODUCT_NAME = "$(TARGET_NAME)";
				TEST_HOST = "$(BUILT_PRODUCTS_DIR)/Teachers.app/Teachers";
			};
			name = Release;
		};
/* End XCBuildConfiguration section */

/* Begin XCConfigurationList section */
		819CF4801AA24857000CD172 /* Build configuration list for PBXProject "Teachers" */ = {
			isa = XCConfigurationList;
			buildConfigurations = (
				819CF4A61AA24857000CD172 /* Debug */,
				819CF4A71AA24857000CD172 /* Release */,
			);
			defaultConfigurationIsVisible = 0;
			defaultConfigurationName = Release;
		};
		819CF4A81AA24857000CD172 /* Build configuration list for PBXNativeTarget "Teachers" */ = {
			isa = XCConfigurationList;
			buildConfigurations = (
				819CF4A91AA24857000CD172 /* Debug */,
				819CF4AA1AA24857000CD172 /* Release */,
			);
			defaultConfigurationIsVisible = 0;
		};
		819CF4AB1AA24857000CD172 /* Build configuration list for PBXNativeTarget "TeachersTests" */ = {
			isa = XCConfigurationList;
			buildConfigurations = (
				819CF4AC1AA24857000CD172 /* Debug */,
				819CF4AD1AA24857000CD172 /* Release */,
			);
			defaultConfigurationIsVisible = 0;
		};
/* End XCConfigurationList section */
	};
	rootObject = 819CF47D1AA24857000CD172 /* Project object */;
}
